
Microsoft Visual Studio Solution File, Format Version 12.00
# Visual Studio Version 16
VisualStudioVersion = 16.0.30225.117
MinimumVisualStudioVersion = 10.0.40219.1
Project("{FAE04EC0-301F-11D3-BF4B-00C04F79EFBC}") = "multipleTable", "multipleTable\multipleTable.csproj", "{ADC62DAC-48B5-4411-8388-CA1F28485801}"
EndProject
Global
	GlobalSection(SolutionConfigurationPlatforms) = preSolution
		Debug|Any CPU = Debug|Any CPU
		Release|Any CPU = Release|Any CPU
	EndGlobalSection
	GlobalSection(ProjectConfigurationPlatforms) = postSolution
		{ADC62DAC-48B5-4411-8388-CA1F28485801}.Debug|Any CPU.ActiveCfg = Debug|Any CPU
		{ADC62DAC-48B5-4411-8388-CA1F28485801}.Debug|Any CPU.Build.0 = Debug|Any CPU
		{ADC62DAC-48B5-4411-8388-CA1F28485801}.Release|Any CPU.ActiveCfg = Release|Any CPU
		{ADC62DAC-48B5-4411-8388-CA1F28485801}.Release|Any CPU.Build.0 = Release|Any CPU
	EndGlobalSection
	GlobalSection(SolutionProperties) = preSolution
		HideSolutionNode = FALSE
	EndGlobalSection
	GlobalSection(ExtensibilityGlobals) = postSolution
		SolutionGuid = {F7459BF6-8939-41C5-A2B5-5457F7883593}
	EndGlobalSection
EndGlobal
